
Microsoft Visual Studio Solution File, Format Version 12.00
# Visual Studio Version 17
VisualStudioVersion = 17.0.31903.59
MinimumVisualStudioVersion = 10.0.40219.1
Project("{2150E333-8FDC-42A3-9474-1A3956D46DE8}") = "solution items", "solution items", "{B214EA33-57B1-4D17-8D03-9AA52BD3609E}"
	ProjectSection(SolutionItems) = preProject
		.gitignore = .gitignore
		README.md = README.md
	EndProjectSection
EndProject
Project("{2150E333-8FDC-42A3-9474-1A3956D46DE8}") = ".devcontainer", ".devcontainer", "{27692723-4101-48F0-8F49-471027357C39}"
	ProjectSection(SolutionItems) = preProject
		.devcontainer\devcontainer.json = .devcontainer\devcontainer.json
	EndProjectSection
EndProject
Project("{FAE04EC0-301F-11D3-BF4B-00C04F79EFBC}") = "faster.console", "faster.console\faster.console.csproj", "{FC9662AA-2753-42E4-B1B1-20E529D96540}"
EndProject
Project("{FAE04EC0-301F-11D3-BF4B-00C04F79EFBC}") = "faster.worker", "faster.worker\faster.worker.csproj", "{6D68104A-9842-4185-AC88-7BEC03E1C62E}"
EndProject
Project("{FAE04EC0-301F-11D3-BF4B-00C04F79EFBC}") = "faster.lib", "faster.lib\faster.lib.csproj", "{F9B8EEC8-B6AC-44A8-ABF8-5AB37C583260}"
EndProject
Global
	GlobalSection(SolutionConfigurationPlatforms) = preSolution
		Debug|Any CPU = Debug|Any CPU
		Release|Any CPU = Release|Any CPU
	EndGlobalSection
	GlobalSection(ProjectConfigurationPlatforms) = postSolution
		{FC9662AA-2753-42E4-B1B1-20E529D96540}.Debug|Any CPU.ActiveCfg = Debug|Any CPU
		{FC9662AA-2753-42E4-B1B1-20E529D96540}.Debug|Any CPU.Build.0 = Debug|Any CPU
		{FC9662AA-2753-42E4-B1B1-20E529D96540}.Release|Any CPU.ActiveCfg = Release|Any CPU
		{FC9662AA-2753-42E4-B1B1-20E529D96540}.Release|Any CPU.Build.0 = Release|Any CPU
		{6D68104A-9842-4185-AC88-7BEC03E1C62E}.Debug|Any CPU.ActiveCfg = Debug|Any CPU
		{6D68104A-9842-4185-AC88-7BEC03E1C62E}.Debug|Any CPU.Build.0 = Debug|Any CPU
		{6D68104A-9842-4185-AC88-7BEC03E1C62E}.Release|Any CPU.ActiveCfg = Release|Any CPU
		{6D68104A-9842-4185-AC88-7BEC03E1C62E}.Release|Any CPU.Build.0 = Release|Any CPU
		{F9B8EEC8-B6AC-44A8-ABF8-5AB37C583260}.Debug|Any CPU.ActiveCfg = Debug|Any CPU
		{F9B8EEC8-B6AC-44A8-ABF8-5AB37C583260}.Debug|Any CPU.Build.0 = Debug|Any CPU
		{F9B8EEC8-B6AC-44A8-ABF8-5AB37C583260}.Release|Any CPU.ActiveCfg = Release|Any CPU
		{F9B8EEC8-B6AC-44A8-ABF8-5AB37C583260}.Release|Any CPU.Build.0 = Release|Any CPU
	EndGlobalSection
	GlobalSection(SolutionProperties) = preSolution
		HideSolutionNode = FALSE
	EndGlobalSection
EndGlobal
